
Microsoft Visual Studio Solution File, Format Version 12.00
# Visual Studio Version 16
VisualStudioVersion = 16.0.31702.278
MinimumVisualStudioVersion = 10.0.40219.1
Project("{FAE04EC0-301F-11D3-BF4B-00C04F79EFBC}") = "Fashinista.api", "Fashinista.api\Fashinista.api.csproj", "{22D044D6-5764-46A7-BCF3-B6F92BAE7B9A}"
EndProject
Project("{FAE04EC0-301F-11D3-BF4B-00C04F79EFBC}") = "Fashinista.core", "Fashinista.core\Fashinista.core.csproj", "{53C8051A-0CD6-4D73-9CD0-AB7C6C71362E}"
EndProject
Project("{FAE04EC0-301F-11D3-BF4B-00C04F79EFBC}") = "Fashinista.infra", "Fashinista.infra\Fashinista.infra.csproj", "{D4D3CC1B-E238-4837-A368-F3A0848A107A}"
EndProject
Global
	GlobalSection(SolutionConfigurationPlatforms) = preSolution
		Debug|Any CPU = Debug|Any CPU
		Release|Any CPU = Release|Any CPU
	EndGlobalSection
	GlobalSection(ProjectConfigurationPlatforms) = postSolution
		{22D044D6-5764-46A7-BCF3-B6F92BAE7B9A}.Debug|Any CPU.ActiveCfg = Debug|Any CPU
		{22D044D6-5764-46A7-BCF3-B6F92BAE7B9A}.Debug|Any CPU.Build.0 = Debug|Any CPU
		{22D044D6-5764-46A7-BCF3-B6F92BAE7B9A}.Release|Any CPU.ActiveCfg = Release|Any CPU
		{22D044D6-5764-46A7-BCF3-B6F92BAE7B9A}.Release|Any CPU.Build.0 = Release|Any CPU
		{53C8051A-0CD6-4D73-9CD0-AB7C6C71362E}.Debug|Any CPU.ActiveCfg = Debug|Any CPU
		{53C8051A-0CD6-4D73-9CD0-AB7C6C71362E}.Debug|Any CPU.Build.0 = Debug|Any CPU
		{53C8051A-0CD6-4D73-9CD0-AB7C6C71362E}.Release|Any CPU.ActiveCfg = Release|Any CPU
		{53C8051A-0CD6-4D73-9CD0-AB7C6C71362E}.Release|Any CPU.Build.0 = Release|Any CPU
		{D4D3CC1B-E238-4837-A368-F3A0848A107A}.Debug|Any CPU.ActiveCfg = Debug|Any CPU
		{D4D3CC1B-E238-4837-A368-F3A0848A107A}.Debug|Any CPU.Build.0 = Debug|Any CPU
		{D4D3CC1B-E238-4837-A368-F3A0848A107A}.Release|Any CPU.ActiveCfg = Release|Any CPU
		{D4D3CC1B-E238-4837-A368-F3A0848A107A}.Release|Any CPU.Build.0 = Release|Any CPU
	EndGlobalSection
	GlobalSection(SolutionProperties) = preSolution
		HideSolutionNode = FALSE
	EndGlobalSection
	GlobalSection(ExtensibilityGlobals) = postSolution
		SolutionGuid = {67CB25AA-6B3D-468F-A1C3-6FD32695BBC5}
	EndGlobalSection
EndGlobal
